
Microsoft Visual Studio Solution File, Format Version 11.00
# Visual Studio 2010
Project("{FAE04EC0-301F-11D3-BF4B-00C04F79EFBC}") = "StreamCipher.FinSharp.Services.Analytics", "StreamCipher.FinSharp.Services\StreamCipher.FinSharp.Services.Analytics\StreamCipher.FinSharp.Services.Analytics.csproj", "{A1F92A75-5BB1-4AB8-B52E-7CA73F9A4719}"
EndProject
Project("{FAE04EC0-301F-11D3-BF4B-00C04F79EFBC}") = "StreamCipher.FinSharp.Services.ReferenceData", "StreamCipher.FinSharp.Services\StreamCipher.FinSharp.Services.ReferenceData\StreamCipher.FinSharp.Services.ReferenceData.csproj", "{29D2CEE8-5825-4977-AF9A-C06A604C80BE}"
EndProject
Project("{FAE04EC0-301F-11D3-BF4B-00C04F79EFBC}") = "StreamCipher.FinSharp.Analytics.Model", "StreamCipher.FinSharp.Analytics\StreamCipher.FinSharp.Analytics.Model\StreamCipher.FinSharp.Analytics.Model.csproj", "{CCEFCD9E-98B4-45A2-9ACC-A3754B00E64D}"
EndProject
Project("{FAE04EC0-301F-11D3-BF4B-00C04F79EFBC}") = "StreamCipher.FinSharp.Analytics.TimeValue", "StreamCipher.FinSharp.Analytics\StreamCipher.FinSharp.Analytics.TimeValue\StreamCipher.FinSharp.Analytics.TimeValue.csproj", "{935017BD-3AD9-45F2-A569-17D16D07D245}"
EndProject
Project("{FAE04EC0-301F-11D3-BF4B-00C04F79EFBC}") = "StreamCipher.FinSharp.Analytics.Model.Tests", "StreamCipher.FinSharp.Analytics\StreamCipher.FinSharp.Analytics.Model.Tests\StreamCipher.FinSharp.Analytics.Model.Tests.csproj", "{EA416AAF-4C32-4DFE-8808-FBBB93B29A2C}"
EndProject
Project("{FAE04EC0-301F-11D3-BF4B-00C04F79EFBC}") = "StreamCipher.FinSharp.Analytics.TimeValue.Tests", "StreamCipher.FinSharp.Analytics\StreamCipher.FinSharp.Analytics.TimeValue.Tests\StreamCipher.FinSharp.Analytics.TimeValue.Tests.csproj", "{84646E0A-294E-4BCD-8578-0EBDD43043E9}"
EndProject
Global
	GlobalSection(SolutionConfigurationPlatforms) = preSolution
		Debug|Any CPU = Debug|Any CPU
		Release|Any CPU = Release|Any CPU
	EndGlobalSection
	GlobalSection(ProjectConfigurationPlatforms) = postSolution
		{A1F92A75-5BB1-4AB8-B52E-7CA73F9A4719}.Debug|Any CPU.ActiveCfg = Debug|Any CPU
		{A1F92A75-5BB1-4AB8-B52E-7CA73F9A4719}.Debug|Any CPU.Build.0 = Debug|Any CPU
		{A1F92A75-5BB1-4AB8-B52E-7CA73F9A4719}.Release|Any CPU.ActiveCfg = Release|Any CPU
		{A1F92A75-5BB1-4AB8-B52E-7CA73F9A4719}.Release|Any CPU.Build.0 = Release|Any CPU
		{29D2CEE8-5825-4977-AF9A-C06A604C80BE}.Debug|Any CPU.ActiveCfg = Debug|Any CPU
		{29D2CEE8-5825-4977-AF9A-C06A604C80BE}.Debug|Any CPU.Build.0 = Debug|Any CPU
		{29D2CEE8-5825-4977-AF9A-C06A604C80BE}.Release|Any CPU.ActiveCfg = Release|Any CPU
		{29D2CEE8-5825-4977-AF9A-C06A604C80BE}.Release|Any CPU.Build.0 = Release|Any CPU
		{CCEFCD9E-98B4-45A2-9ACC-A3754B00E64D}.Debug|Any CPU.ActiveCfg = Debug|Any CPU
		{CCEFCD9E-98B4-45A2-9ACC-A3754B00E64D}.Debug|Any CPU.Build.0 = Debug|Any CPU
		{CCEFCD9E-98B4-45A2-9ACC-A3754B00E64D}.Release|Any CPU.ActiveCfg = Release|Any CPU
		{CCEFCD9E-98B4-45A2-9ACC-A3754B00E64D}.Release|Any CPU.Build.0 = Release|Any CPU
		{935017BD-3AD9-45F2-A569-17D16D07D245}.Debug|Any CPU.ActiveCfg = Debug|Any CPU
		{935017BD-3AD9-45F2-A569-17D16D07D245}.Debug|Any CPU.Build.0 = Debug|Any CPU
		{935017BD-3AD9-45F2-A569-17D16D07D245}.Release|Any CPU.ActiveCfg = Release|Any CPU
		{935017BD-3AD9-45F2-A569-17D16D07D245}.Release|Any CPU.Build.0 = Release|Any CPU
		{EA416AAF-4C32-4DFE-8808-FBBB93B29A2C}.Debug|Any CPU.ActiveCfg = Debug|Any CPU
		{EA416AAF-4C32-4DFE-8808-FBBB93B29A2C}.Debug|Any CPU.Build.0 = Debug|Any CPU
		{EA416AAF-4C32-4DFE-8808-FBBB93B29A2C}.Release|Any CPU.ActiveCfg = Release|Any CPU
		{EA416AAF-4C32-4DFE-8808-FBBB93B29A2C}.Release|Any CPU.Build.0 = Release|Any CPU
		{84646E0A-294E-4BCD-8578-0EBDD43043E9}.Debug|Any CPU.ActiveCfg = Debug|Any CPU
		{84646E0A-294E-4BCD-8578-0EBDD43043E9}.Debug|Any CPU.Build.0 = Debug|Any CPU
		{84646E0A-294E-4BCD-8578-0EBDD43043E9}.Release|Any CPU.ActiveCfg = Release|Any CPU
		{84646E0A-294E-4BCD-8578-0EBDD43043E9}.Release|Any CPU.Build.0 = Release|Any CPU
	EndGlobalSection
	GlobalSection(SolutionProperties) = preSolution
		HideSolutionNode = FALSE
	EndGlobalSection
EndGlobal
