
Microsoft Visual Studio Solution File, Format Version 12.00
# Visual Studio 14
VisualStudioVersion = 14.0.24720.0
MinimumVisualStudioVersion = 10.0.40219.1
Project("{FAE04EC0-301F-11D3-BF4B-00C04F79EFBC}") = "StreamCipher.Common", "StreamCipher.Common\StreamCipher.Common.csproj", "{8B4E9858-039A-4593-9C45-5B7500716CF9}"
EndProject
Project("{FAE04EC0-301F-11D3-BF4B-00C04F79EFBC}") = "StreamCipher.Common.IntegrationTests", "StreamCipher.Common.IntegrationTests\StreamCipher.Common.IntegrationTests.csproj", "{791C6D0F-AFF9-4A50-8F0C-45F3AB431A80}"
EndProject
Project("{FAE04EC0-301F-11D3-BF4B-00C04F79EFBC}") = "StreamCipher.Common.Tests", "StreamCipher.Common.Tests\StreamCipher.Common.Tests.csproj", "{ADA5BCF3-4379-4448-9E82-DDF94CB96773}"
EndProject
Project("{FAE04EC0-301F-11D3-BF4B-00C04F79EFBC}") = "StreamCipher.FinSharp.WorkBench", "StreamCipher.FinSharp.WorkBench\StreamCipher.FinSharp.WorkBench.csproj", "{89CD6798-AEBF-4908-81F9-42C8F72C5445}"
EndProject
Project("{FAE04EC0-301F-11D3-BF4B-00C04F79EFBC}") = "StreamCipher.FinSharp.Services", "StreamCipher.FinSharp.Services\StreamCipher.FinSharp.Services.csproj", "{F17B5C0D-084B-4021-97FB-8AB18D706A55}"
EndProject
Project("{FAE04EC0-301F-11D3-BF4B-00C04F79EFBC}") = "StreamCipher.FinSharp", "StreamCipher.FinSharp\StreamCipher.FinSharp.csproj", "{B19FE17F-38AF-4E5C-BA06-EDE3CE3B0087}"
EndProject
Global
	GlobalSection(SolutionConfigurationPlatforms) = preSolution
		Debug|Any CPU = Debug|Any CPU
		Release|Any CPU = Release|Any CPU
	EndGlobalSection
	GlobalSection(ProjectConfigurationPlatforms) = postSolution
		{8B4E9858-039A-4593-9C45-5B7500716CF9}.Debug|Any CPU.ActiveCfg = Debug|Any CPU
		{8B4E9858-039A-4593-9C45-5B7500716CF9}.Debug|Any CPU.Build.0 = Debug|Any CPU
		{8B4E9858-039A-4593-9C45-5B7500716CF9}.Release|Any CPU.ActiveCfg = Release|Any CPU
		{8B4E9858-039A-4593-9C45-5B7500716CF9}.Release|Any CPU.Build.0 = Release|Any CPU
		{791C6D0F-AFF9-4A50-8F0C-45F3AB431A80}.Debug|Any CPU.ActiveCfg = Debug|Any CPU
		{791C6D0F-AFF9-4A50-8F0C-45F3AB431A80}.Debug|Any CPU.Build.0 = Debug|Any CPU
		{791C6D0F-AFF9-4A50-8F0C-45F3AB431A80}.Release|Any CPU.ActiveCfg = Release|Any CPU
		{791C6D0F-AFF9-4A50-8F0C-45F3AB431A80}.Release|Any CPU.Build.0 = Release|Any CPU
		{ADA5BCF3-4379-4448-9E82-DDF94CB96773}.Debug|Any CPU.ActiveCfg = Debug|Any CPU
		{ADA5BCF3-4379-4448-9E82-DDF94CB96773}.Debug|Any CPU.Build.0 = Debug|Any CPU
		{ADA5BCF3-4379-4448-9E82-DDF94CB96773}.Release|Any CPU.ActiveCfg = Release|Any CPU
		{ADA5BCF3-4379-4448-9E82-DDF94CB96773}.Release|Any CPU.Build.0 = Release|Any CPU
		{89CD6798-AEBF-4908-81F9-42C8F72C5445}.Debug|Any CPU.ActiveCfg = Debug|Any CPU
		{89CD6798-AEBF-4908-81F9-42C8F72C5445}.Debug|Any CPU.Build.0 = Debug|Any CPU
		{89CD6798-AEBF-4908-81F9-42C8F72C5445}.Release|Any CPU.ActiveCfg = Release|Any CPU
		{89CD6798-AEBF-4908-81F9-42C8F72C5445}.Release|Any CPU.Build.0 = Release|Any CPU
		{F17B5C0D-084B-4021-97FB-8AB18D706A55}.Debug|Any CPU.ActiveCfg = Debug|Any CPU
		{F17B5C0D-084B-4021-97FB-8AB18D706A55}.Debug|Any CPU.Build.0 = Debug|Any CPU
		{F17B5C0D-084B-4021-97FB-8AB18D706A55}.Release|Any CPU.ActiveCfg = Release|Any CPU
		{F17B5C0D-084B-4021-97FB-8AB18D706A55}.Release|Any CPU.Build.0 = Release|Any CPU
		{B19FE17F-38AF-4E5C-BA06-EDE3CE3B0087}.Debug|Any CPU.ActiveCfg = Debug|Any CPU
		{B19FE17F-38AF-4E5C-BA06-EDE3CE3B0087}.Debug|Any CPU.Build.0 = Debug|Any CPU
		{B19FE17F-38AF-4E5C-BA06-EDE3CE3B0087}.Release|Any CPU.ActiveCfg = Release|Any CPU
		{B19FE17F-38AF-4E5C-BA06-EDE3CE3B0087}.Release|Any CPU.Build.0 = Release|Any CPU
	EndGlobalSection
	GlobalSection(SolutionProperties) = preSolution
		HideSolutionNode = FALSE
	EndGlobalSection
	GlobalSection(ExtensibilityGlobals) = postSolution
		EnterpriseLibraryConfigurationToolBinariesPath = packages\Unity.2.1.505.2\lib\NET35
	EndGlobalSection
EndGlobal
