
Microsoft Visual Studio Solution File, Format Version 11.00
# Visual Studio 2010
Project("{FAE04EC0-301F-11D3-BF4B-00C04F79EFBC}") = "StreamCipher.Common.Utilities", "StreamCipher.Common\StreamCipher.Common.Utilities\StreamCipher.Common.Utilities.csproj", "{C55051E0-743E-4EAB-8278-604E583A5AE1}"
EndProject
Project("{FAE04EC0-301F-11D3-BF4B-00C04F79EFBC}") = "StreamCipher.Common.Utilities.Tests", "StreamCipher.Common\StreamCipher.Common.Utilities.Tests\StreamCipher.Common.Utilities.Tests.csproj", "{6C7E2E42-AD9F-435C-831C-49CCEDCB06A8}"
EndProject
Project("{FAE04EC0-301F-11D3-BF4B-00C04F79EFBC}") = "StreamCipher.Common.Interfaces", "StreamCipher.Common\StreamCipher.Common.Interfaces\StreamCipher.Common.Interfaces.csproj", "{4B616EB0-BDB5-4C49-B180-9FAF1E8C677F}"
EndProject
Project("{FAE04EC0-301F-11D3-BF4B-00C04F79EFBC}") = "StreamCipher.Common.Interfaces.Tests", "StreamCipher.Common\StreamCipher.Common.Interfaces.Tests\StreamCipher.Common.Interfaces.Tests.csproj", "{A0075D9E-9B68-45D6-A043-C3CD767833A1}"
EndProject
Project("{FAE04EC0-301F-11D3-BF4B-00C04F79EFBC}") = "StreamCipher.Common.Ioc", "StreamCipher.Common\StreamCipher.Common.Ioc\StreamCipher.Common.Ioc.csproj", "{0FF6B7ED-BA7A-4699-8B53-583DB9D84E60}"
EndProject
Project("{FAE04EC0-301F-11D3-BF4B-00C04F79EFBC}") = "StreamCipher.Common.Ioc.Tests", "StreamCipher.Common\StreamCipher.Common.Ioc.Tests\StreamCipher.Common.Ioc.Tests.csproj", "{DAF8ED47-AB05-49B0-9CCC-D863247B15EE}"
EndProject
Project("{FAE04EC0-301F-11D3-BF4B-00C04F79EFBC}") = "StreamCipher.Common.Components", "StreamCipher.Common\StreamCipher.Common.Components\StreamCipher.Common.Components.csproj", "{B3C75567-DF02-4209-8D96-D97E8825A509}"
EndProject
Project("{FAE04EC0-301F-11D3-BF4B-00C04F79EFBC}") = "StreamCipher.Common.ThirdParty", "StreamCipher.Common\StreamCipher.Common.ThirdParty\StreamCipher.Common.ThirdParty.csproj", "{5F0D8CCD-FE0F-4EEC-8CDD-EB0CCC92E639}"
EndProject
Project("{FAE04EC0-301F-11D3-BF4B-00C04F79EFBC}") = "StreamCipher.Common.ThirdParty.Tests", "StreamCipher.Common\StreamCipher.Common.ThirdParty.Tests\StreamCipher.Common.ThirdParty.Tests.csproj", "{79BEDD41-D0A0-436D-ADED-3F805FD8F574}"
EndProject
Project("{FAE04EC0-301F-11D3-BF4B-00C04F79EFBC}") = "StreamCipher.Common.Components.IntegrationTests", "StreamCipher.Common\StreamCipher.Common.Components.Tests\StreamCipher.Common.Components.IntegrationTests.csproj", "{CC31CC0F-7483-41E5-B774-EC7307C0F4C4}"
EndProject
Project("{2150E333-8FDC-42A3-9474-1A3956D46DE8}") = ".nuget", ".nuget", "{7BEF3B71-E798-4484-A5B7-F42617BAF9E7}"
	ProjectSection(SolutionItems) = preProject
		.nuget\NuGet.Config = .nuget\NuGet.Config
		.nuget\NuGet.exe = .nuget\NuGet.exe
		.nuget\NuGet.targets = .nuget\NuGet.targets
	EndProjectSection
EndProject
Project("{FAE04EC0-301F-11D3-BF4B-00C04F79EFBC}") = "StreamCipher.Common.IntegrationTests", "StreamCipher.Common\StreamCipher.Common.IntegrationTests\StreamCipher.Common.IntegrationTests.csproj", "{D11996FF-C1C7-4E24-ACBD-125607FCF71E}"
EndProject
Global
	GlobalSection(SolutionConfigurationPlatforms) = preSolution
		Debug|Any CPU = Debug|Any CPU
		Release|Any CPU = Release|Any CPU
	EndGlobalSection
	GlobalSection(ProjectConfigurationPlatforms) = postSolution
		{C55051E0-743E-4EAB-8278-604E583A5AE1}.Debug|Any CPU.ActiveCfg = Debug|Any CPU
		{C55051E0-743E-4EAB-8278-604E583A5AE1}.Debug|Any CPU.Build.0 = Debug|Any CPU
		{C55051E0-743E-4EAB-8278-604E583A5AE1}.Release|Any CPU.ActiveCfg = Release|Any CPU
		{C55051E0-743E-4EAB-8278-604E583A5AE1}.Release|Any CPU.Build.0 = Release|Any CPU
		{6C7E2E42-AD9F-435C-831C-49CCEDCB06A8}.Debug|Any CPU.ActiveCfg = Debug|Any CPU
		{6C7E2E42-AD9F-435C-831C-49CCEDCB06A8}.Debug|Any CPU.Build.0 = Debug|Any CPU
		{6C7E2E42-AD9F-435C-831C-49CCEDCB06A8}.Release|Any CPU.ActiveCfg = Release|Any CPU
		{6C7E2E42-AD9F-435C-831C-49CCEDCB06A8}.Release|Any CPU.Build.0 = Release|Any CPU
		{4B616EB0-BDB5-4C49-B180-9FAF1E8C677F}.Debug|Any CPU.ActiveCfg = Debug|Any CPU
		{4B616EB0-BDB5-4C49-B180-9FAF1E8C677F}.Debug|Any CPU.Build.0 = Debug|Any CPU
		{4B616EB0-BDB5-4C49-B180-9FAF1E8C677F}.Release|Any CPU.ActiveCfg = Release|Any CPU
		{4B616EB0-BDB5-4C49-B180-9FAF1E8C677F}.Release|Any CPU.Build.0 = Release|Any CPU
		{A0075D9E-9B68-45D6-A043-C3CD767833A1}.Debug|Any CPU.ActiveCfg = Debug|Any CPU
		{A0075D9E-9B68-45D6-A043-C3CD767833A1}.Debug|Any CPU.Build.0 = Debug|Any CPU
		{A0075D9E-9B68-45D6-A043-C3CD767833A1}.Release|Any CPU.ActiveCfg = Release|Any CPU
		{A0075D9E-9B68-45D6-A043-C3CD767833A1}.Release|Any CPU.Build.0 = Release|Any CPU
		{0FF6B7ED-BA7A-4699-8B53-583DB9D84E60}.Debug|Any CPU.ActiveCfg = Debug|Any CPU
		{0FF6B7ED-BA7A-4699-8B53-583DB9D84E60}.Debug|Any CPU.Build.0 = Debug|Any CPU
		{0FF6B7ED-BA7A-4699-8B53-583DB9D84E60}.Release|Any CPU.ActiveCfg = Release|Any CPU
		{0FF6B7ED-BA7A-4699-8B53-583DB9D84E60}.Release|Any CPU.Build.0 = Release|Any CPU
		{DAF8ED47-AB05-49B0-9CCC-D863247B15EE}.Debug|Any CPU.ActiveCfg = Debug|Any CPU
		{DAF8ED47-AB05-49B0-9CCC-D863247B15EE}.Debug|Any CPU.Build.0 = Debug|Any CPU
		{DAF8ED47-AB05-49B0-9CCC-D863247B15EE}.Release|Any CPU.ActiveCfg = Release|Any CPU
		{DAF8ED47-AB05-49B0-9CCC-D863247B15EE}.Release|Any CPU.Build.0 = Release|Any CPU
		{B3C75567-DF02-4209-8D96-D97E8825A509}.Debug|Any CPU.ActiveCfg = Debug|Any CPU
		{B3C75567-DF02-4209-8D96-D97E8825A509}.Debug|Any CPU.Build.0 = Debug|Any CPU
		{B3C75567-DF02-4209-8D96-D97E8825A509}.Release|Any CPU.ActiveCfg = Release|Any CPU
		{B3C75567-DF02-4209-8D96-D97E8825A509}.Release|Any CPU.Build.0 = Release|Any CPU
		{5F0D8CCD-FE0F-4EEC-8CDD-EB0CCC92E639}.Debug|Any CPU.ActiveCfg = Debug|Any CPU
		{5F0D8CCD-FE0F-4EEC-8CDD-EB0CCC92E639}.Debug|Any CPU.Build.0 = Debug|Any CPU
		{5F0D8CCD-FE0F-4EEC-8CDD-EB0CCC92E639}.Release|Any CPU.ActiveCfg = Release|Any CPU
		{5F0D8CCD-FE0F-4EEC-8CDD-EB0CCC92E639}.Release|Any CPU.Build.0 = Release|Any CPU
		{79BEDD41-D0A0-436D-ADED-3F805FD8F574}.Debug|Any CPU.ActiveCfg = Debug|Any CPU
		{79BEDD41-D0A0-436D-ADED-3F805FD8F574}.Debug|Any CPU.Build.0 = Debug|Any CPU
		{79BEDD41-D0A0-436D-ADED-3F805FD8F574}.Release|Any CPU.ActiveCfg = Release|Any CPU
		{79BEDD41-D0A0-436D-ADED-3F805FD8F574}.Release|Any CPU.Build.0 = Release|Any CPU
		{CC31CC0F-7483-41E5-B774-EC7307C0F4C4}.Debug|Any CPU.ActiveCfg = Debug|Any CPU
		{CC31CC0F-7483-41E5-B774-EC7307C0F4C4}.Debug|Any CPU.Build.0 = Debug|Any CPU
		{CC31CC0F-7483-41E5-B774-EC7307C0F4C4}.Release|Any CPU.ActiveCfg = Release|Any CPU
		{CC31CC0F-7483-41E5-B774-EC7307C0F4C4}.Release|Any CPU.Build.0 = Release|Any CPU
		{D11996FF-C1C7-4E24-ACBD-125607FCF71E}.Debug|Any CPU.ActiveCfg = Debug|Any CPU
		{D11996FF-C1C7-4E24-ACBD-125607FCF71E}.Debug|Any CPU.Build.0 = Debug|Any CPU
		{D11996FF-C1C7-4E24-ACBD-125607FCF71E}.Release|Any CPU.ActiveCfg = Release|Any CPU
		{D11996FF-C1C7-4E24-ACBD-125607FCF71E}.Release|Any CPU.Build.0 = Release|Any CPU
	EndGlobalSection
	GlobalSection(SolutionProperties) = preSolution
		HideSolutionNode = FALSE
	EndGlobalSection
	GlobalSection(ExtensibilityGlobals) = postSolution
		EnterpriseLibraryConfigurationToolBinariesPath = packages\Unity.2.1.505.0\lib\NET35;packages\Unity.Interception.2.1.505.0\lib\NET35;packages\EnterpriseLibrary.Common.5.0.505.0\lib\NET35;packages\EnterpriseLibrary.PolicyInjection.5.0.505.0\lib\NET35;packages\EntLibContrib.PolicyInjection.5.0.505.0\lib\NET35
	EndGlobalSection
EndGlobal
